
Microsoft Visual Studio Solution File, Format Version 12.00
# Visual Studio Version 17
VisualStudioVersion = 17.3.32825.248
MinimumVisualStudioVersion = 10.0.40219.1
Project("{9A19103F-16F7-4668-BE54-9A1E7A4F7556}") = "SEProjectManagement", "SEProjectManagement\SEProjectManagement.csproj", "{DEA7565E-CA14-4717-AA11-9BE44E383EF3}"
EndProject
Project("{9A19103F-16F7-4668-BE54-9A1E7A4F7556}") = "DAO", "DAO\DAO.csproj", "{745B4109-F79B-4705-9D18-D9CAF8BB3B7D}"
EndProject
Project("{9A19103F-16F7-4668-BE54-9A1E7A4F7556}") = "Repository", "Repository\Repository.csproj", "{36000232-7114-4BC7-8DF1-6FF9EB18FC3D}"
EndProject
Project("{9A19103F-16F7-4668-BE54-9A1E7A4F7556}") = "EmailService", "EmailService\EmailService.csproj", "{97451C6B-B646-4ED3-AB7C-EBABB7D5B98D}"
EndProject
Project("{FAE04EC0-301F-11D3-BF4B-00C04F79EFBC}") = "Entity", "Entity\Entity.csproj", "{14BA2230-63C5-467F-9F5E-55F0572D78DB}"
EndProject
Global
	GlobalSection(SolutionConfigurationPlatforms) = preSolution
		Debug|Any CPU = Debug|Any CPU
		Release|Any CPU = Release|Any CPU
	EndGlobalSection
	GlobalSection(ProjectConfigurationPlatforms) = postSolution
		{DEA7565E-CA14-4717-AA11-9BE44E383EF3}.Debug|Any CPU.ActiveCfg = Debug|Any CPU
		{DEA7565E-CA14-4717-AA11-9BE44E383EF3}.Debug|Any CPU.Build.0 = Debug|Any CPU
		{DEA7565E-CA14-4717-AA11-9BE44E383EF3}.Release|Any CPU.ActiveCfg = Release|Any CPU
		{DEA7565E-CA14-4717-AA11-9BE44E383EF3}.Release|Any CPU.Build.0 = Release|Any CPU
		{745B4109-F79B-4705-9D18-D9CAF8BB3B7D}.Debug|Any CPU.ActiveCfg = Debug|Any CPU
		{745B4109-F79B-4705-9D18-D9CAF8BB3B7D}.Debug|Any CPU.Build.0 = Debug|Any CPU
		{745B4109-F79B-4705-9D18-D9CAF8BB3B7D}.Release|Any CPU.ActiveCfg = Release|Any CPU
		{745B4109-F79B-4705-9D18-D9CAF8BB3B7D}.Release|Any CPU.Build.0 = Release|Any CPU
		{36000232-7114-4BC7-8DF1-6FF9EB18FC3D}.Debug|Any CPU.ActiveCfg = Debug|Any CPU
		{36000232-7114-4BC7-8DF1-6FF9EB18FC3D}.Debug|Any CPU.Build.0 = Debug|Any CPU
		{36000232-7114-4BC7-8DF1-6FF9EB18FC3D}.Release|Any CPU.ActiveCfg = Release|Any CPU
		{36000232-7114-4BC7-8DF1-6FF9EB18FC3D}.Release|Any CPU.Build.0 = Release|Any CPU
		{97451C6B-B646-4ED3-AB7C-EBABB7D5B98D}.Debug|Any CPU.ActiveCfg = Debug|Any CPU
		{97451C6B-B646-4ED3-AB7C-EBABB7D5B98D}.Debug|Any CPU.Build.0 = Debug|Any CPU
		{97451C6B-B646-4ED3-AB7C-EBABB7D5B98D}.Release|Any CPU.ActiveCfg = Release|Any CPU
		{97451C6B-B646-4ED3-AB7C-EBABB7D5B98D}.Release|Any CPU.Build.0 = Release|Any CPU
		{14BA2230-63C5-467F-9F5E-55F0572D78DB}.Debug|Any CPU.ActiveCfg = Debug|Any CPU
		{14BA2230-63C5-467F-9F5E-55F0572D78DB}.Debug|Any CPU.Build.0 = Debug|Any CPU
		{14BA2230-63C5-467F-9F5E-55F0572D78DB}.Release|Any CPU.ActiveCfg = Release|Any CPU
		{14BA2230-63C5-467F-9F5E-55F0572D78DB}.Release|Any CPU.Build.0 = Release|Any CPU
	EndGlobalSection
	GlobalSection(SolutionProperties) = preSolution
		HideSolutionNode = FALSE
	EndGlobalSection
	GlobalSection(ExtensibilityGlobals) = postSolution
		SolutionGuid = {76955022-A745-4CFB-861C-7C81AF4B507A}
	EndGlobalSection
EndGlobal
